{
  "nodes": {
    "flake-parts": {
      "inputs": {
        "nixpkgs-lib": [
          "neovim-nightly-overlay",
          "nixpkgs"
        ]
      },
      "locked": {
        "lastModified": 1778716662,
        "narHash": "sha256-m1Yf0wZ8j1OHjTc2UwHwyQRSnNeSgLJOd7q5Y45hzi4=",
        "owner": "hercules-ci",
        "repo": "flake-parts",
        "rev": "f7c1a2d347e4c52d5fb8d10cb4d94b5884e546fb",
        "type": "github"
      },
      "original": {
        "owner": "hercules-ci",
        "repo": "flake-parts",
        "type": "github"
      }
    },
    "neovim-nightly-overlay": {
      "inputs": {
        "flake-parts": "flake-parts",
        "neovim-src": "neovim-src",
        "nixpkgs": "nixpkgs"
      },
      "locked": {
        "lastModified": 1779149084,
        "narHash": "sha256-ICMEkFOJMI0oOxf23fXWGQzYXNO+tw2i/X8Mdx8kfq8=",
        "owner": "nix-community",
        "repo": "neovim-nightly-overlay",
        "rev": "e3a2a96eb3673ab4292c6d3731794615059f6fa9",
        "type": "github"
      },
      "original": {
        "owner": "nix-community",
        "repo": "neovim-nightly-overlay",
        "type": "github"
      }
    },
    "neovim-src": {
      "flake": false,
      "locked": {
        "lastModified": 1779124106,
        "narHash": "sha256-sLGjo9u3ojqH2aVjcpuExVvgJcNeKtsR962twipxzFM=",
        "owner": "neovim",
        "repo": "neovim",
        "rev": "450ba41436b6f9a94c7519339a0bdff8dfbf66a9",
        "type": "github"
      },
      "original": {
        "owner": "neovim",
        "repo": "neovim",
        "type": "github"
      }
    },
    "nix-wrapper-modules": {
      "inputs": {
        "nixpkgs": "nixpkgs_2"
      },
      "locked": {
        "lastModified": 1779230126,
        "narHash": "sha256-4XXww17gSEQys+RFe2nlFS6eFl6KIChdW7hy5MlZyYE=",
        "owner": "BirdeeHub",
        "repo": "nix-wrapper-modules",
        "rev": "c2b76d39f5db070fe947e78dfc7d034874bcaf03",
        "type": "github"
      },
      "original": {
        "owner": "BirdeeHub",
        "repo": "nix-wrapper-modules",
        "type": "github"
      }
    },
    "nixpkgs": {
      "locked": {
        "lastModified": 1778869304,
        "narHash": "sha256-30sZNZoA1cqF5JNO9fVX+wgiQYjB7HJqqJ4ztCDeBZE=",
        "owner": "NixOS",
        "repo": "nixpkgs",
        "rev": "d233902339c02a9c334e7e593de68855ad26c4cb",
        "type": "github"
      },
      "original": {
        "owner": "NixOS",
        "ref": "nixpkgs-unstable",
        "repo": "nixpkgs",
        "type": "github"
      }
    },
    "nixpkgs_2": {
      "locked": {
        "lastModified": 1778869304,
        "narHash": "sha256-30sZNZoA1cqF5JNO9fVX+wgiQYjB7HJqqJ4ztCDeBZE=",
        "owner": "NixOS",
        "repo": "nixpkgs",
        "rev": "d233902339c02a9c334e7e593de68855ad26c4cb",
        "type": "github"
      },
      "original": {
        "owner": "NixOS",
        "ref": "nixpkgs-unstable",
        "repo": "nixpkgs",
        "type": "github"
      }
    },
    "nixpkgs_3": {
      "locked": {
        "lastModified": 1778869304,
        "narHash": "sha256-30sZNZoA1cqF5JNO9fVX+wgiQYjB7HJqqJ4ztCDeBZE=",
        "owner": "nixos",
        "repo": "nixpkgs",
        "rev": "d233902339c02a9c334e7e593de68855ad26c4cb",
        "type": "github"
      },
      "original": {
        "owner": "nixos",
        "ref": "nixpkgs-unstable",
        "repo": "nixpkgs",
        "type": "github"
      }
    },
    "plugins-blink-indent": {
      "flake": false,
      "locked": {
        "lastModified": 1778018781,
        "narHash": "sha256-B3424wvGnMpqvr0Lk48stttzcIzT6mzzI0SLthLZQMA=",
        "owner": "saghen",
        "repo": "blink.indent",
        "rev": "15b3b25c2e76025733cc96df0144e9a9ef4d495c",
        "type": "github"
      },
      "original": {
        "owner": "saghen",
        "repo": "blink.indent",
        "type": "github"
      }
    },
    "plugins-delta-lua": {
      "flake": false,
      "locked": {
        "lastModified": 1779940041,
        "narHash": "sha256-wssLviY2unqUPxtwSYiOP6DQqEILpFlg/flq6KTQpmM=",
        "owner": "kokusenz",
        "repo": "delta.lua",
        "rev": "570d8a6c8c41d99ac051d5c36a85461693d42a9c",
        "type": "github"
      },
      "original": {
        "owner": "kokusenz",
        "repo": "delta.lua",
        "type": "github"
      }
    },
    "plugins-deltaview": {
      "flake": false,
      "locked": {
        "lastModified": 1779939939,
        "narHash": "sha256-zdrwfVXO+x6VCwKEbtGd70cemGy37xqab8Jxl7idhL4=",
        "owner": "kokusenz",
        "repo": "deltaview.nvim",
        "rev": "fed02694ad2a174954b8d6d42b095269786f23d7",
        "type": "github"
      },
      "original": {
        "owner": "kokusenz",
        "repo": "deltaview.nvim",
        "type": "github"
      }
    },
    "plugins-lze": {
      "flake": false,
      "locked": {
        "lastModified": 1779072938,
        "narHash": "sha256-u51pEVISr/jthElqorjttpfK/V3/iDQmter5Upnt0XU=",
        "owner": "BirdeeHub",
        "repo": "lze",
        "rev": "1779386ec281b6c7fe7a5d3d501656ec345e9e37",
        "type": "github"
      },
      "original": {
        "owner": "BirdeeHub",
        "repo": "lze",
        "type": "github"
      }
    },
    "plugins-lzextras": {
      "flake": false,
      "locked": {
        "lastModified": 1779149362,
        "narHash": "sha256-neZA450ZP5nqaqp/uhQIEVVYBnYkvo0cBcC93F3D+Co=",
        "owner": "BirdeeHub",
        "repo": "lzextras",
        "rev": "138a1a08a8585520f3425a0e03390a534a376fdd",
        "type": "github"
      },
      "original": {
        "owner": "BirdeeHub",
        "repo": "lzextras",
        "type": "github"
      }
    },
    "plugins-nvim-ansible": {
      "flake": false,
      "locked": {
        "lastModified": 1770665415,
        "narHash": "sha256-Ykp610LPF0tWidHM16UqeaU8sJxcr5OXJdHkjWCYUTU=",
        "owner": "mfussenegger",
        "repo": "nvim-ansible",
        "rev": "c7f595d568b588942d4d0c37b5cd6cae3764a148",
        "type": "github"
      },
      "original": {
        "owner": "mfussenegger",
        "repo": "nvim-ansible",
        "type": "github"
      }
    },
    "plugins-nvim-lsp-endhints": {
      "flake": false,
      "locked": {
        "lastModified": 1775499412,
        "narHash": "sha256-RstC7vzBNkGtd7XohTQA6PrIc2etzFOPK/NBuC9eGrU=",
        "owner": "chrisgrieser",
        "repo": "nvim-lsp-endhints",
        "rev": "a86e7ca7a92ef003008d7eb5d153c63bcc89f79c",
        "type": "github"
      },
      "original": {
        "owner": "chrisgrieser",
        "repo": "nvim-lsp-endhints",
        "type": "github"
      }
    },
    "plugins-sidekick": {
      "flake": false,
      "locked": {
        "lastModified": 1776888531,
        "narHash": "sha256-I1YuIXJHP7JfETwOer6B7QDLMZGG/X59zXopb4nPel4=",
        "owner": "folke",
        "repo": "sidekick.nvim",
        "rev": "208e1c5b8170c01fd1d07df0139322a76479b235",
        "type": "github"
      },
      "original": {
        "owner": "folke",
        "repo": "sidekick.nvim",
        "type": "github"
      }
    },
    "plugins-treesitter-textobjects": {
      "flake": false,
      "locked": {
        "lastModified": 1775552773,
        "narHash": "sha256-fOpRElIwvsFWm4AwETx7fpC3RtdH2BpCfX4YHVitqw0=",
        "owner": "nvim-treesitter",
        "repo": "nvim-treesitter-textobjects",
        "rev": "851e865342e5a4cb1ae23d31caf6e991e1c99f1e",
        "type": "github"
      },
      "original": {
        "owner": "nvim-treesitter",
        "ref": "main",
        "repo": "nvim-treesitter-textobjects",
        "type": "github"
      }
    },
    "plugins-ts-error-translator": {
      "flake": false,
      "locked": {
        "lastModified": 1767484144,
        "narHash": "sha256-kjZwfvb0B7GC4dBBSdgC/zRmCUCfCm4H5J+8SFzANJ4=",
        "owner": "dmmulroy",
        "repo": "ts-error-translator.nvim",
        "rev": "558abff11b9e8f4cefc0de09df780c56841c7a4b",
        "type": "github"
      },
      "original": {
        "owner": "dmmulroy",
        "repo": "ts-error-translator.nvim",
        "type": "github"
      }
    },
    "root": {
      "inputs": {
        "neovim-nightly-overlay": "neovim-nightly-overlay",
        "nix-wrapper-modules": "nix-wrapper-modules",
        "nixpkgs": "nixpkgs_3",
        "plugins-blink-indent": "plugins-blink-indent",
        "plugins-delta-lua": "plugins-delta-lua",
        "plugins-deltaview": "plugins-deltaview",
        "plugins-lze": "plugins-lze",
        "plugins-lzextras": "plugins-lzextras",
        "plugins-nvim-ansible": "plugins-nvim-ansible",
        "plugins-nvim-lsp-endhints": "plugins-nvim-lsp-endhints",
        "plugins-sidekick": "plugins-sidekick",
        "plugins-treesitter-textobjects": "plugins-treesitter-textobjects",
        "plugins-ts-error-translator": "plugins-ts-error-translator"
      }
    }
  },
  "root": "root",
  "version": 7
}
