{
  "nodes": {
    "flake-parts": {
      "inputs": {
        "nixpkgs-lib": [
          "neovim-nightly-overlay",
          "nixpkgs"
        ]
      },
      "locked": {
        "lastModified": 1767609335,
        "narHash": "sha256-feveD98mQpptwrAEggBQKJTYbvwwglSbOv53uCfH9PY=",
        "owner": "hercules-ci",
        "repo": "flake-parts",
        "rev": "250481aafeb741edfe23d29195671c19b36b6dca",
        "type": "github"
      },
      "original": {
        "owner": "hercules-ci",
        "repo": "flake-parts",
        "type": "github"
      }
    },
    "neovim-nightly-overlay": {
      "inputs": {
        "flake-parts": "flake-parts",
        "neovim-src": "neovim-src",
        "nixpkgs": "nixpkgs"
      },
      "locked": {
        "lastModified": 1767744315,
        "narHash": "sha256-3Ck6p5OBp7+TlRyX/0ewyiV3D4K9GnVskfzImj5+h88=",
        "owner": "nix-community",
        "repo": "neovim-nightly-overlay",
        "rev": "51267717d88e4934e0035cfc117438bd768d673b",
        "type": "github"
      },
      "original": {
        "owner": "nix-community",
        "repo": "neovim-nightly-overlay",
        "type": "github"
      }
    },
    "neovim-src": {
      "flake": false,
      "locked": {
        "lastModified": 1767740412,
        "narHash": "sha256-PmT0T9FU2vs2DE5UBgjOvzA3rpduMXFdIuh2Q2AXUFU=",
        "owner": "neovim",
        "repo": "neovim",
        "rev": "9252d470cb08552fec9c405b22b887624a49ee20",
        "type": "github"
      },
      "original": {
        "owner": "neovim",
        "repo": "neovim",
        "type": "github"
      }
    },
    "nixCats": {
      "locked": {
        "lastModified": 1767604651,
        "narHash": "sha256-itAnxzTpWpY1s3LA/oNngOuZDXT5U5JUZP5fApwx9gs=",
        "owner": "BirdeeHub",
        "repo": "nixCats-nvim",
        "rev": "3c9bc4d7123e1b48d92f25ba505b889af541e897",
        "type": "github"
      },
      "original": {
        "owner": "BirdeeHub",
        "repo": "nixCats-nvim",
        "type": "github"
      }
    },
    "nixpkgs": {
      "locked": {
        "lastModified": 1767364772,
        "narHash": "sha256-fFUnEYMla8b7UKjijLnMe+oVFOz6HjijGGNS1l7dYaQ=",
        "owner": "NixOS",
        "repo": "nixpkgs",
        "rev": "16c7794d0a28b5a37904d55bcca36003b9109aaa",
        "type": "github"
      },
      "original": {
        "owner": "NixOS",
        "ref": "nixpkgs-unstable",
        "repo": "nixpkgs",
        "type": "github"
      }
    },
    "nixpkgs_2": {
      "locked": {
        "lastModified": 1767364772,
        "narHash": "sha256-fFUnEYMla8b7UKjijLnMe+oVFOz6HjijGGNS1l7dYaQ=",
        "owner": "nixos",
        "repo": "nixpkgs",
        "rev": "16c7794d0a28b5a37904d55bcca36003b9109aaa",
        "type": "github"
      },
      "original": {
        "owner": "nixos",
        "ref": "nixpkgs-unstable",
        "repo": "nixpkgs",
        "type": "github"
      }
    },
    "plugins-blink-css-vars": {
      "flake": false,
      "locked": {
        "lastModified": 1738051935,
        "narHash": "sha256-TAwfi1wyKSzQEOK34pCHuyD3mLylFQX2K8UPBjU9Oo0=",
        "owner": "jdrupal-dev",
        "repo": "css-vars.nvim",
        "rev": "0615782c320f729b04d9c51a8a61fb498ee4234a",
        "type": "github"
      },
      "original": {
        "owner": "jdrupal-dev",
        "repo": "css-vars.nvim",
        "type": "github"
      }
    },
    "plugins-blink-indent": {
      "flake": false,
      "locked": {
        "lastModified": 1764681544,
        "narHash": "sha256-aPCJAK/hO/Vn8kiYyoaMdJjO6b3ce1IXo8Xy4LJS+q8=",
        "owner": "saghen",
        "repo": "blink.indent",
        "rev": "93ff30292d34116444ff9db5264f6ccd34f3f71f",
        "type": "github"
      },
      "original": {
        "owner": "saghen",
        "repo": "blink.indent",
        "type": "github"
      }
    },
    "plugins-nvim-ansible": {
      "flake": false,
      "locked": {
        "lastModified": 1741814378,
        "narHash": "sha256-hhmhXV9qkZfjHnSBYZ05SX9QD4qBgW9Ob2k3VRfCDgs=",
        "owner": "mfussenegger",
        "repo": "nvim-ansible",
        "rev": "bba61168b7aef735e7f950fdfece5ef6c388eacf",
        "type": "github"
      },
      "original": {
        "owner": "mfussenegger",
        "repo": "nvim-ansible",
        "type": "github"
      }
    },
    "plugins-nvim-lsp-endhints": {
      "flake": false,
      "locked": {
        "lastModified": 1767720086,
        "narHash": "sha256-lM0kcW2ghdqDsGjdktarU6FclLFOgR3A+bFHm1/7Zt0=",
        "owner": "chrisgrieser",
        "repo": "nvim-lsp-endhints",
        "rev": "1bd987b2907cbeab7705e2466a0ed775f7711357",
        "type": "github"
      },
      "original": {
        "owner": "chrisgrieser",
        "repo": "nvim-lsp-endhints",
        "type": "github"
      }
    },
    "root": {
      "inputs": {
        "neovim-nightly-overlay": "neovim-nightly-overlay",
        "nixCats": "nixCats",
        "nixpkgs": "nixpkgs_2",
        "plugins-blink-css-vars": "plugins-blink-css-vars",
        "plugins-blink-indent": "plugins-blink-indent",
        "plugins-nvim-ansible": "plugins-nvim-ansible",
        "plugins-nvim-lsp-endhints": "plugins-nvim-lsp-endhints"
      }
    }
  },
  "root": "root",
  "version": 7
}
