{
  "nodes": {
    "flake-parts": {
      "inputs": {
        "nixpkgs-lib": [
          "neovim-nightly-overlay",
          "nixpkgs"
        ]
      },
      "locked": {
        "lastModified": 1778716662,
        "narHash": "sha256-m1Yf0wZ8j1OHjTc2UwHwyQRSnNeSgLJOd7q5Y45hzi4=",
        "owner": "hercules-ci",
        "repo": "flake-parts",
        "rev": "f7c1a2d347e4c52d5fb8d10cb4d94b5884e546fb",
        "type": "github"
      },
      "original": {
        "owner": "hercules-ci",
        "repo": "flake-parts",
        "type": "github"
      }
    },
    "neovim-nightly-overlay": {
      "inputs": {
        "flake-parts": "flake-parts",
        "neovim-src": "neovim-src",
        "nixpkgs": "nixpkgs"
      },
      "locked": {
        "lastModified": 1780445083,
        "narHash": "sha256-n1/8BTS1rJZXzyJCCmydxn11sPoxfJEcUMv1EwZOF38=",
        "owner": "nix-community",
        "repo": "neovim-nightly-overlay",
        "rev": "7a243cca59f5d68838ac6510148a2f470053cb84",
        "type": "github"
      },
      "original": {
        "owner": "nix-community",
        "repo": "neovim-nightly-overlay",
        "type": "github"
      }
    },
    "neovim-src": {
      "flake": false,
      "locked": {
        "lastModified": 1780441153,
        "narHash": "sha256-EqSmE5JSvCcjmHOP+vL5DVW6vLZb3ZgVg0PqbzTHSfo=",
        "owner": "neovim",
        "repo": "neovim",
        "rev": "13b2b1427578bec7714e1a14be44ca72ef18f379",
        "type": "github"
      },
      "original": {
        "owner": "neovim",
        "repo": "neovim",
        "type": "github"
      }
    },
    "nix-wrapper-modules": {
      "inputs": {
        "nixpkgs": "nixpkgs_2"
      },
      "locked": {
        "lastModified": 1780449413,
        "narHash": "sha256-ZsjnJ85CrTxI7+VaOWzkOB1u/+d4CM9AxBazXfsYXuA=",
        "owner": "BirdeeHub",
        "repo": "nix-wrapper-modules",
        "rev": "e72bd9cf5fbc57e620912b773bed42b4e278bdc0",
        "type": "github"
      },
      "original": {
        "owner": "BirdeeHub",
        "repo": "nix-wrapper-modules",
        "type": "github"
      }
    },
    "nixpkgs": {
      "locked": {
        "lastModified": 1780336545,
        "narHash": "sha256-vhVhuXzFrIOfcssC/9hDHx7MHzDKjF3keHuREOQqQiQ=",
        "owner": "NixOS",
        "repo": "nixpkgs",
        "rev": "4df1b885d76a54e1aa1a318f8d16fd6005b6401f",
        "type": "github"
      },
      "original": {
        "owner": "NixOS",
        "ref": "nixpkgs-unstable",
        "repo": "nixpkgs",
        "type": "github"
      }
    },
    "nixpkgs_2": {
      "locked": {
        "lastModified": 1780336545,
        "narHash": "sha256-vhVhuXzFrIOfcssC/9hDHx7MHzDKjF3keHuREOQqQiQ=",
        "owner": "NixOS",
        "repo": "nixpkgs",
        "rev": "4df1b885d76a54e1aa1a318f8d16fd6005b6401f",
        "type": "github"
      },
      "original": {
        "owner": "NixOS",
        "ref": "nixpkgs-unstable",
        "repo": "nixpkgs",
        "type": "github"
      }
    },
    "nixpkgs_3": {
      "locked": {
        "lastModified": 1780336545,
        "narHash": "sha256-vhVhuXzFrIOfcssC/9hDHx7MHzDKjF3keHuREOQqQiQ=",
        "owner": "nixos",
        "repo": "nixpkgs",
        "rev": "4df1b885d76a54e1aa1a318f8d16fd6005b6401f",
        "type": "github"
      },
      "original": {
        "owner": "nixos",
        "ref": "nixpkgs-unstable",
        "repo": "nixpkgs",
        "type": "github"
      }
    },
    "plugins-blink-indent": {
      "flake": false,
      "locked": {
        "lastModified": 1778018781,
        "narHash": "sha256-B3424wvGnMpqvr0Lk48stttzcIzT6mzzI0SLthLZQMA=",
        "owner": "saghen",
        "repo": "blink.indent",
        "rev": "15b3b25c2e76025733cc96df0144e9a9ef4d495c",
        "type": "github"
      },
      "original": {
        "owner": "saghen",
        "repo": "blink.indent",
        "type": "github"
      }
    },
    "plugins-delta-lua": {
      "flake": false,
      "locked": {
        "lastModified": 1779940041,
        "narHash": "sha256-wssLviY2unqUPxtwSYiOP6DQqEILpFlg/flq6KTQpmM=",
        "owner": "kokusenz",
        "repo": "delta.lua",
        "rev": "570d8a6c8c41d99ac051d5c36a85461693d42a9c",
        "type": "github"
      },
      "original": {
        "owner": "kokusenz",
        "repo": "delta.lua",
        "type": "github"
      }
    },
    "plugins-deltaview": {
      "flake": false,
      "locked": {
        "lastModified": 1779939939,
        "narHash": "sha256-zdrwfVXO+x6VCwKEbtGd70cemGy37xqab8Jxl7idhL4=",
        "owner": "kokusenz",
        "repo": "deltaview.nvim",
        "rev": "fed02694ad2a174954b8d6d42b095269786f23d7",
        "type": "github"
      },
      "original": {
        "owner": "kokusenz",
        "repo": "deltaview.nvim",
        "type": "github"
      }
    },
    "plugins-lze": {
      "flake": false,
      "locked": {
        "lastModified": 1779886623,
        "narHash": "sha256-KcOvY87Js1q0YrB2g7Y+ZvXVkzAlQko582qoQemzN2M=",
        "owner": "BirdeeHub",
        "repo": "lze",
        "rev": "37daa89a10a60bd153fa80e9041d6137f077d6fb",
        "type": "github"
      },
      "original": {
        "owner": "BirdeeHub",
        "repo": "lze",
        "type": "github"
      }
    },
    "plugins-lzextras": {
      "flake": false,
      "locked": {
        "lastModified": 1779886599,
        "narHash": "sha256-RFAkctVRrbIK0fcalSvKnJMzlZoeUlVs4gHoxaDZksE=",
        "owner": "BirdeeHub",
        "repo": "lzextras",
        "rev": "dd1d43c0e2337a1a9643a1b78fbc6736d90c14c1",
        "type": "github"
      },
      "original": {
        "owner": "BirdeeHub",
        "repo": "lzextras",
        "type": "github"
      }
    },
    "plugins-nvim-ansible": {
      "flake": false,
      "locked": {
        "lastModified": 1770665415,
        "narHash": "sha256-Ykp610LPF0tWidHM16UqeaU8sJxcr5OXJdHkjWCYUTU=",
        "owner": "mfussenegger",
        "repo": "nvim-ansible",
        "rev": "c7f595d568b588942d4d0c37b5cd6cae3764a148",
        "type": "github"
      },
      "original": {
        "owner": "mfussenegger",
        "repo": "nvim-ansible",
        "type": "github"
      }
    },
    "plugins-nvim-lsp-endhints": {
      "flake": false,
      "locked": {
        "lastModified": 1775499412,
        "narHash": "sha256-RstC7vzBNkGtd7XohTQA6PrIc2etzFOPK/NBuC9eGrU=",
        "owner": "chrisgrieser",
        "repo": "nvim-lsp-endhints",
        "rev": "a86e7ca7a92ef003008d7eb5d153c63bcc89f79c",
        "type": "github"
      },
      "original": {
        "owner": "chrisgrieser",
        "repo": "nvim-lsp-endhints",
        "type": "github"
      }
    },
    "plugins-sidekick": {
      "flake": false,
      "locked": {
        "lastModified": 1776888531,
        "narHash": "sha256-I1YuIXJHP7JfETwOer6B7QDLMZGG/X59zXopb4nPel4=",
        "owner": "folke",
        "repo": "sidekick.nvim",
        "rev": "208e1c5b8170c01fd1d07df0139322a76479b235",
        "type": "github"
      },
      "original": {
        "owner": "folke",
        "repo": "sidekick.nvim",
        "type": "github"
      }
    },
    "plugins-treesitter-textobjects": {
      "flake": false,
      "locked": {
        "lastModified": 1775552773,
        "narHash": "sha256-fOpRElIwvsFWm4AwETx7fpC3RtdH2BpCfX4YHVitqw0=",
        "owner": "nvim-treesitter",
        "repo": "nvim-treesitter-textobjects",
        "rev": "851e865342e5a4cb1ae23d31caf6e991e1c99f1e",
        "type": "github"
      },
      "original": {
        "owner": "nvim-treesitter",
        "ref": "main",
        "repo": "nvim-treesitter-textobjects",
        "type": "github"
      }
    },
    "plugins-ts-error-translator": {
      "flake": false,
      "locked": {
        "lastModified": 1767484144,
        "narHash": "sha256-kjZwfvb0B7GC4dBBSdgC/zRmCUCfCm4H5J+8SFzANJ4=",
        "owner": "dmmulroy",
        "repo": "ts-error-translator.nvim",
        "rev": "558abff11b9e8f4cefc0de09df780c56841c7a4b",
        "type": "github"
      },
      "original": {
        "owner": "dmmulroy",
        "repo": "ts-error-translator.nvim",
        "type": "github"
      }
    },
    "root": {
      "inputs": {
        "neovim-nightly-overlay": "neovim-nightly-overlay",
        "nix-wrapper-modules": "nix-wrapper-modules",
        "nixpkgs": "nixpkgs_3",
        "plugins-blink-indent": "plugins-blink-indent",
        "plugins-delta-lua": "plugins-delta-lua",
        "plugins-deltaview": "plugins-deltaview",
        "plugins-lze": "plugins-lze",
        "plugins-lzextras": "plugins-lzextras",
        "plugins-nvim-ansible": "plugins-nvim-ansible",
        "plugins-nvim-lsp-endhints": "plugins-nvim-lsp-endhints",
        "plugins-sidekick": "plugins-sidekick",
        "plugins-treesitter-textobjects": "plugins-treesitter-textobjects",
        "plugins-ts-error-translator": "plugins-ts-error-translator"
      }
    }
  },
  "root": "root",
  "version": 7
}
